
Microsoft Visual Studio Solution File, Format Version 12.00
# Visual Studio Version 16
VisualStudioVersion = 16.0.31911.196
MinimumVisualStudioVersion = 10.0.40219.1
Project("{FAE04EC0-301F-11D3-BF4B-00C04F79EFBC}") = "Assembly-CSharp", "Assembly-CSharp.csproj", "{AAC0F5B5-8497-27DC-3F59-BCA82AA8604B}"
EndProject
Global
	GlobalSection(SolutionConfigurationPlatforms) = preSolution
		Debug|Any CPU = Debug|Any CPU
		Release|Any CPU = Release|Any CPU
	EndGlobalSection
	GlobalSection(ProjectConfigurationPlatforms) = postSolution
		{AAC0F5B5-8497-27DC-3F59-BCA82AA8604B}.Debug|Any CPU.ActiveCfg = Debug|Any CPU
		{AAC0F5B5-8497-27DC-3F59-BCA82AA8604B}.Debug|Any CPU.Build.0 = Debug|Any CPU
		{AAC0F5B5-8497-27DC-3F59-BCA82AA8604B}.Release|Any CPU.ActiveCfg = Release|Any CPU
		{AAC0F5B5-8497-27DC-3F59-BCA82AA8604B}.Release|Any CPU.Build.0 = Release|Any CPU
	EndGlobalSection
	GlobalSection(SolutionProperties) = preSolution
		HideSolutionNode = FALSE
	EndGlobalSection
	GlobalSection(ExtensibilityGlobals) = postSolution
		SolutionGuid = {418A92AC-CA2A-4AF9-ACA3-440571E2EA4F}
	EndGlobalSection
EndGlobal
